
Microsoft Visual Studio Solution File, Format Version 12.00
# Visual Studio Version 17
VisualStudioVersion = 17.9.34607.119
MinimumVisualStudioVersion = 10.0.40219.1
Project("{FAE04EC0-301F-11D3-BF4B-00C04F79EFBC}") = "Rus_MihaiRobert_Lab7", "Rus_MihaiRobert_Lab7.csproj", "{CF39FAEB-DFB7-494A-8923-D75323E9783C}"
EndProject
Global
	GlobalSection(SolutionConfigurationPlatforms) = preSolution
		Debug|Any CPU = Debug|Any CPU
		Release|Any CPU = Release|Any CPU
	EndGlobalSection
	GlobalSection(ProjectConfigurationPlatforms) = postSolution
		{CF39FAEB-DFB7-494A-8923-D75323E9783C}.Debug|Any CPU.ActiveCfg = Debug|Any CPU
		{CF39FAEB-DFB7-494A-8923-D75323E9783C}.Debug|Any CPU.Build.0 = Debug|Any CPU
		{CF39FAEB-DFB7-494A-8923-D75323E9783C}.Debug|Any CPU.Deploy.0 = Debug|Any CPU
		{CF39FAEB-DFB7-494A-8923-D75323E9783C}.Release|Any CPU.ActiveCfg = Release|Any CPU
		{CF39FAEB-DFB7-494A-8923-D75323E9783C}.Release|Any CPU.Build.0 = Release|Any CPU
		{CF39FAEB-DFB7-494A-8923-D75323E9783C}.Release|Any CPU.Deploy.0 = Release|Any CPU
	EndGlobalSection
	GlobalSection(SolutionProperties) = preSolution
		HideSolutionNode = FALSE
	EndGlobalSection
	GlobalSection(ExtensibilityGlobals) = postSolution
		SolutionGuid = {A2CEE902-AF3D-4ADD-8733-00AD936C6D96}
	EndGlobalSection
EndGlobal
